
Microsoft Visual Studio Solution File, Format Version 12.00
# Visual Studio Version 17
VisualStudioVersion = 17.10.35122.118
MinimumVisualStudioVersion = 10.0.40219.1
Project("{8BC9CEB8-8B4A-11D0-8D11-00A0C91BC942}") = "doomgeneric", "doomgeneric\doomgeneric.vcxproj", "{95A126D2-CC94-4840-BF05-80305041B5FB}"
EndProject
Project("{9A19103F-16F7-4668-BE54-9A1E7A4F7556}") = "AvaloniaPlayer", "AvaloniaPlayer\AvaloniaPlayer.csproj", "{84C55A94-99B8-47EF-BAAF-A75C6333E69A}"
EndProject
Project("{9A19103F-16F7-4668-BE54-9A1E7A4F7556}") = "InteropDoom", "InteropDoom\InteropDoom.csproj", "{F446C4C2-982A-4BA0-A3B9-441F24BA8D9F}"
	ProjectSection(ProjectDependencies) = postProject
		{95A126D2-CC94-4840-BF05-80305041B5FB} = {95A126D2-CC94-4840-BF05-80305041B5FB}
	EndProjectSection
EndProject
Project("{2150E333-8FDC-42A3-9474-1A3956D46DE8}") = "Solution Files", "Solution Files", "{FE5785D8-1F1C-4F6A-8FB9-018DBDD1E15C}"
	ProjectSection(SolutionItems) = preProject
		.editorconfig = .editorconfig
		.gitignore = .gitignore
		README.md = README.md
	EndProjectSection
EndProject
Global
	GlobalSection(SolutionConfigurationPlatforms) = preSolution
		Debug|x64 = Debug|x64
		Debug|x86 = Debug|x86
		Release|x64 = Release|x64
		Release|x86 = Release|x86
	EndGlobalSection
	GlobalSection(ProjectConfigurationPlatforms) = postSolution
		{95A126D2-CC94-4840-BF05-80305041B5FB}.Debug|x64.ActiveCfg = Debug|x64
		{95A126D2-CC94-4840-BF05-80305041B5FB}.Debug|x64.Build.0 = Debug|x64
		{95A126D2-CC94-4840-BF05-80305041B5FB}.Debug|x86.ActiveCfg = Debug|Win32
		{95A126D2-CC94-4840-BF05-80305041B5FB}.Debug|x86.Build.0 = Debug|Win32
		{95A126D2-CC94-4840-BF05-80305041B5FB}.Release|x64.ActiveCfg = Release|x64
		{95A126D2-CC94-4840-BF05-80305041B5FB}.Release|x64.Build.0 = Release|x64
		{95A126D2-CC94-4840-BF05-80305041B5FB}.Release|x86.ActiveCfg = Release|Win32
		{95A126D2-CC94-4840-BF05-80305041B5FB}.Release|x86.Build.0 = Release|Win32
		{84C55A94-99B8-47EF-BAAF-A75C6333E69A}.Debug|x64.ActiveCfg = Debug|x64
		{84C55A94-99B8-47EF-BAAF-A75C6333E69A}.Debug|x64.Build.0 = Debug|x64
		{84C55A94-99B8-47EF-BAAF-A75C6333E69A}.Debug|x86.ActiveCfg = Debug|x86
		{84C55A94-99B8-47EF-BAAF-A75C6333E69A}.Debug|x86.Build.0 = Debug|x86
		{84C55A94-99B8-47EF-BAAF-A75C6333E69A}.Release|x64.ActiveCfg = Release|x64
		{84C55A94-99B8-47EF-BAAF-A75C6333E69A}.Release|x64.Build.0 = Release|x64
		{84C55A94-99B8-47EF-BAAF-A75C6333E69A}.Release|x86.ActiveCfg = Release|x86
		{84C55A94-99B8-47EF-BAAF-A75C6333E69A}.Release|x86.Build.0 = Release|x86
		{F446C4C2-982A-4BA0-A3B9-441F24BA8D9F}.Debug|x64.ActiveCfg = Debug|x64
		{F446C4C2-982A-4BA0-A3B9-441F24BA8D9F}.Debug|x64.Build.0 = Debug|x64
		{F446C4C2-982A-4BA0-A3B9-441F24BA8D9F}.Debug|x86.ActiveCfg = Debug|x86
		{F446C4C2-982A-4BA0-A3B9-441F24BA8D9F}.Debug|x86.Build.0 = Debug|x86
		{F446C4C2-982A-4BA0-A3B9-441F24BA8D9F}.Release|x64.ActiveCfg = Release|Any CPU
		{F446C4C2-982A-4BA0-A3B9-441F24BA8D9F}.Release|x64.Build.0 = Release|Any CPU
		{F446C4C2-982A-4BA0-A3B9-441F24BA8D9F}.Release|x86.ActiveCfg = Release|x86
		{F446C4C2-982A-4BA0-A3B9-441F24BA8D9F}.Release|x86.Build.0 = Release|x86
	EndGlobalSection
	GlobalSection(SolutionProperties) = preSolution
		HideSolutionNode = FALSE
	EndGlobalSection
	GlobalSection(ExtensibilityGlobals) = postSolution
		SolutionGuid = {E444537A-F1DB-44A6-8720-C7DC7BB2C74A}
	EndGlobalSection
EndGlobal
